// !$*UTF8*$!
{
	archiveVersion = 1;
	classes = {
	};
	objectVersion = 56;
	objects = {

/* Begin PBXBuildFile section */
		43206C862A61A4AC003CBB34 /* AppDelegate.swift in Sources */ = {isa = PBXBuildFile; fileRef = 43206C852A61A4AC003CBB34 /* AppDelegate.swift */; };
		43206C882A61A4AC003CBB34 /* SceneDelegate.swift in Sources */ = {isa = PBXBuildFile; fileRef = 43206C872A61A4AC003CBB34 /* SceneDelegate.swift */; };
		43206C8A2A61A4AC003CBB34 /* CompaniesController.swift in Sources */ = {isa = PBXBuildFile; fileRef = 43206C892A61A4AC003CBB34 /* CompaniesController.swift */; };
		43206C8D2A61A4AC003CBB34 /* Main.storyboard in Resources */ = {isa = PBXBuildFile; fileRef = 43206C8B2A61A4AC003CBB34 /* Main.storyboard */; };
		43206C902A61A4AC003CBB34 /* CoreDataApp.xcdatamodeld in Sources */ = {isa = PBXBuildFile; fileRef = 43206C8E2A61A4AC003CBB34 /* CoreDataApp.xcdatamodeld */; };
		43206C922A61A4AC003CBB34 /* Assets.xcassets in Resources */ = {isa = PBXBuildFile; fileRef = 43206C912A61A4AC003CBB34 /* Assets.xcassets */; };
		43206C952A61A4AC003CBB34 /* LaunchScreen.storyboard in Resources */ = {isa = PBXBuildFile; fileRef = 43206C932A61A4AC003CBB34 /* LaunchScreen.storyboard */; };
		43206C9D2A62F2F3003CBB34 /* UIColor+theme.swift in Sources */ = {isa = PBXBuildFile; fileRef = 43206C9C2A62F2F3003CBB34 /* UIColor+theme.swift */; };
		43206C9F2A63C565003CBB34 /* Company.swift in Sources */ = {isa = PBXBuildFile; fileRef = 43206C9E2A63C565003CBB34 /* Company.swift */; };
		43206CA12A63C7C4003CBB34 /* CreateCompanyController.swift in Sources */ = {isa = PBXBuildFile; fileRef = 43206CA02A63C7C4003CBB34 /* CreateCompanyController.swift */; };
		432B36D52A684A6200C9894C /* CoreDataManager.swift in Sources */ = {isa = PBXBuildFile; fileRef = 432B36D42A684A6200C9894C /* CoreDataManager.swift */; };
		434C85392A6D11F0001E073E /* CompanyCell.swift in Sources */ = {isa = PBXBuildFile; fileRef = 434C85382A6D11F0001E073E /* CompanyCell.swift */; };
		434C853B2A6D4726001E073E /* CompaniesController+CreateCompany.swift in Sources */ = {isa = PBXBuildFile; fileRef = 434C853A2A6D4726001E073E /* CompaniesController+CreateCompany.swift */; };
		434C853D2A6D47F0001E073E /* CompaniesController+UITableView.swift in Sources */ = {isa = PBXBuildFile; fileRef = 434C853C2A6D47F0001E073E /* CompaniesController+UITableView.swift */; };
/* End PBXBuildFile section */

/* Begin PBXFileReference section */
		43206C822A61A4AC003CBB34 /* CoreDataApp.app */ = {isa = PBXFileReference; explicitFileType = wrapper.application; includeInIndex = 0; path = CoreDataApp.app; sourceTree = BUILT_PRODUCTS_DIR; };
		43206C852A61A4AC003CBB34 /* AppDelegate.swift */ = {isa = PBXFileReference; lastKnownFileType = sourcecode.swift; path = AppDelegate.swift; sourceTree = "<group>"; };
		43206C872A61A4AC003CBB34 /* SceneDelegate.swift */ = {isa = PBXFileReference; lastKnownFileType = sourcecode.swift; path = SceneDelegate.swift; sourceTree = "<group>"; };
		43206C892A61A4AC003CBB34 /* CompaniesController.swift */ = {isa = PBXFileReference; lastKnownFileType = sourcecode.swift; path = CompaniesController.swift; sourceTree = "<group>"; };
		43206C8C2A61A4AC003CBB34 /* Base */ = {isa = PBXFileReference; lastKnownFileType = file.storyboard; name = Base; path = Base.lproj/Main.storyboard; sourceTree = "<group>"; };
		43206C8F2A61A4AC003CBB34 /* CoreDataApp.xcdatamodel */ = {isa = PBXFileReference; lastKnownFileType = wrapper.xcdatamodel; path = CoreDataApp.xcdatamodel; sourceTree = "<group>"; };
		43206C912A61A4AC003CBB34 /* Assets.xcassets */ = {isa = PBXFileReference; lastKnownFileType = folder.assetcatalog; path = Assets.xcassets; sourceTree = "<group>"; };
		43206C942A61A4AC003CBB34 /* Base */ = {isa = PBXFileReference; lastKnownFileType = file.storyboard; name = Base; path = Base.lproj/LaunchScreen.storyboard; sourceTree = "<group>"; };
		43206C962A61A4AC003CBB34 /* Info.plist */ = {isa = PBXFileReference; lastKnownFileType = text.plist.xml; path = Info.plist; sourceTree = "<group>"; };
		43206C9C2A62F2F3003CBB34 /* UIColor+theme.swift */ = {isa = PBXFileReference; lastKnownFileType = sourcecode.swift; path = "UIColor+theme.swift"; sourceTree = "<group>"; };
		43206C9E2A63C565003CBB34 /* Company.swift */ = {isa = PBXFileReference; lastKnownFileType = sourcecode.swift; path = Company.swift; sourceTree = "<group>"; };
		43206CA02A63C7C4003CBB34 /* CreateCompanyController.swift */ = {isa = PBXFileReference; lastKnownFileType = sourcecode.swift; path = CreateCompanyController.swift; sourceTree = "<group>"; };
		432B36D42A684A6200C9894C /* CoreDataManager.swift */ = {isa = PBXFileReference; lastKnownFileType = sourcecode.swift; path = CoreDataManager.swift; sourceTree = "<group>"; };
		434C85382A6D11F0001E073E /* CompanyCell.swift */ = {isa = PBXFileReference; lastKnownFileType = sourcecode.swift; path = CompanyCell.swift; sourceTree = "<group>"; };
		434C853A2A6D4726001E073E /* CompaniesController+CreateCompany.swift */ = {isa = PBXFileReference; lastKnownFileType = sourcecode.swift; path = "CompaniesController+CreateCompany.swift"; sourceTree = "<group>"; };
		434C853C2A6D47F0001E073E /* CompaniesController+UITableView.swift */ = {isa = PBXFileReference; lastKnownFileType = sourcecode.swift; path = "CompaniesController+UITableView.swift"; sourceTree = "<group>"; };
/* End PBXFileReference section */

/* Begin PBXFrameworksBuildPhase section */
		43206C7F2A61A4AC003CBB34 /* Frameworks */ = {
			isa = PBXFrameworksBuildPhase;
			buildActionMask = 2147483647;
			files = (
			);
			runOnlyForDeploymentPostprocessing = 0;
		};
/* End PBXFrameworksBuildPhase section */

/* Begin PBXGroup section */
		43206C792A61A4AC003CBB34 = {
			isa = PBXGroup;
			children = (
				43206C842A61A4AC003CBB34 /* CoreDataApp */,
				43206C832A61A4AC003CBB34 /* Products */,
			);
			sourceTree = "<group>";
		};
		43206C832A61A4AC003CBB34 /* Products */ = {
			isa = PBXGroup;
			children = (
				43206C822A61A4AC003CBB34 /* CoreDataApp.app */,
			);
			name = Products;
			sourceTree = "<group>";
		};
		43206C842A61A4AC003CBB34 /* CoreDataApp */ = {
			isa = PBXGroup;
			children = (
				43206C852A61A4AC003CBB34 /* AppDelegate.swift */,
				43206C872A61A4AC003CBB34 /* SceneDelegate.swift */,
				43206C892A61A4AC003CBB34 /* CompaniesController.swift */,
				43206CA02A63C7C4003CBB34 /* CreateCompanyController.swift */,
				434C853A2A6D4726001E073E /* CompaniesController+CreateCompany.swift */,
				434C853C2A6D47F0001E073E /* CompaniesController+UITableView.swift */,
				434C85382A6D11F0001E073E /* CompanyCell.swift */,
				43206C8B2A61A4AC003CBB34 /* Main.storyboard */,
				43206C912A61A4AC003CBB34 /* Assets.xcassets */,
				43206C932A61A4AC003CBB34 /* LaunchScreen.storyboard */,
				43206C962A61A4AC003CBB34 /* Info.plist */,
				43206C8E2A61A4AC003CBB34 /* CoreDataApp.xcdatamodeld */,
				43206C9C2A62F2F3003CBB34 /* UIColor+theme.swift */,
				43206C9E2A63C565003CBB34 /* Company.swift */,
				432B36D42A684A6200C9894C /* CoreDataManager.swift */,
			);
			path = CoreDataApp;
			sourceTree = "<group>";
		};
/* End PBXGroup section */

/* Begin PBXNativeTarget section */
		43206C812A61A4AC003CBB34 /* CoreDataApp */ = {
			isa = PBXNativeTarget;
			buildConfigurationList = 43206C992A61A4AC003CBB34 /* Build configuration list for PBXNativeTarget "CoreDataApp" */;
			buildPhases = (
				43206C7E2A61A4AC003CBB34 /* Sources */,
				43206C7F2A61A4AC003CBB34 /* Frameworks */,
				43206C802A61A4AC003CBB34 /* Resources */,
			);
			buildRules = (
			);
			dependencies = (
			);
			name = CoreDataApp;
			productName = CoreDataApp;
			productReference = 43206C822A61A4AC003CBB34 /* CoreDataApp.app */;
			productType = "com.apple.product-type.application";
		};
/* End PBXNativeTarget section */

/* Begin PBXProject section */
		43206C7A2A61A4AC003CBB34 /* Project object */ = {
			isa = PBXProject;
			attributes = {
				BuildIndependentTargetsInParallel = 1;
				LastSwiftUpdateCheck = 1420;
				LastUpgradeCheck = 1420;
				TargetAttributes = {
					43206C812A61A4AC003CBB34 = {
						CreatedOnToolsVersion = 14.2;
					};
				};
			};
			buildConfigurationList = 43206C7D2A61A4AC003CBB34 /* Build configuration list for PBXProject "CoreDataApp" */;
			compatibilityVersion = "Xcode 14.0";
			developmentRegion = en;
			hasScannedForEncodings = 0;
			knownRegions = (
				en,
				Base,
			);
			mainGroup = 43206C792A61A4AC003CBB34;
			productRefGroup = 43206C832A61A4AC003CBB34 /* Products */;
			projectDirPath = "";
			projectRoot = "";
			targets = (
				43206C812A61A4AC003CBB34 /* CoreDataApp */,
			);
		};
/* End PBXProject section */

/* Begin PBXResourcesBuildPhase section */
		43206C802A61A4AC003CBB34 /* Resources */ = {
			isa = PBXResourcesBuildPhase;
			buildActionMask = 2147483647;
			files = (
				43206C952A61A4AC003CBB34 /* LaunchScreen.storyboard in Resources */,
				43206C922A61A4AC003CBB34 /* Assets.xcassets in Resources */,
				43206C8D2A61A4AC003CBB34 /* Main.storyboard in Resources */,
			);
			runOnlyForDeploymentPostprocessing = 0;
		};
/* End PBXResourcesBuildPhase section */

/* Begin PBXSourcesBuildPhase section */
		43206C7E2A61A4AC003CBB34 /* Sources */ = {
			isa = PBXSourcesBuildPhase;
			buildActionMask = 2147483647;
			files = (
				43206C902A61A4AC003CBB34 /* CoreDataApp.xcdatamodeld in Sources */,
				434C853D2A6D47F0001E073E /* CompaniesController+UITableView.swift in Sources */,
				43206C8A2A61A4AC003CBB34 /* CompaniesController.swift in Sources */,
				43206C862A61A4AC003CBB34 /* AppDelegate.swift in Sources */,
				432B36D52A684A6200C9894C /* CoreDataManager.swift in Sources */,
				434C85392A6D11F0001E073E /* CompanyCell.swift in Sources */,
				43206CA12A63C7C4003CBB34 /* CreateCompanyController.swift in Sources */,
				43206C9D2A62F2F3003CBB34 /* UIColor+theme.swift in Sources */,
				43206C882A61A4AC003CBB34 /* SceneDelegate.swift in Sources */,
				43206C9F2A63C565003CBB34 /* Company.swift in Sources */,
				434C853B2A6D4726001E073E /* CompaniesController+CreateCompany.swift in Sources */,
			);
			runOnlyForDeploymentPostprocessing = 0;
		};
/* End PBXSourcesBuildPhase section */

/* Begin PBXVariantGroup section */
		43206C8B2A61A4AC003CBB34 /* Main.storyboard */ = {
			isa = PBXVariantGroup;
			children = (
				43206C8C2A61A4AC003CBB34 /* Base */,
			);
			name = Main.storyboard;
			sourceTree = "<group>";
		};
		43206C932A61A4AC003CBB34 /* LaunchScreen.storyboard */ = {
			isa = PBXVariantGroup;
			children = (
				43206C942A61A4AC003CBB34 /* Base */,
			);
			name = LaunchScreen.storyboard;
			sourceTree = "<group>";
		};
/* End PBXVariantGroup section */

/* Begin XCBuildConfiguration section */
		43206C972A61A4AC003CBB34 /* Debug */ = {
			isa = XCBuildConfiguration;
			buildSettings = {
				ALWAYS_SEARCH_USER_PATHS = NO;
				CLANG_ANALYZER_NONNULL = YES;
				CLANG_ANALYZER_NUMBER_OBJECT_CONVERSION = YES_AGGRESSIVE;
				CLANG_CXX_LANGUAGE_STANDARD = "gnu++20";
				CLANG_ENABLE_MODULES = YES;
				CLANG_ENABLE_OBJC_ARC = YES;
				CLANG_ENABLE_OBJC_WEAK = YES;
				CLANG_WARN_BLOCK_CAPTURE_AUTORELEASING = YES;
				CLANG_WARN_BOOL_CONVERSION = YES;
				CLANG_WARN_COMMA = YES;
				CLANG_WARN_CONSTANT_CONVERSION = YES;
				CLANG_WARN_DEPRECATED_OBJC_IMPLEMENTATIONS = YES;
				CLANG_WARN_DIRECT_OBJC_ISA_USAGE = YES_ERROR;
				CLANG_WARN_DOCUMENTATION_COMMENTS = YES;
				CLANG_WARN_EMPTY_BODY = YES;
				CLANG_WARN_ENUM_CONVERSION = YES;
				CLANG_WARN_INFINITE_RECURSION = YES;
				CLANG_WARN_INT_CONVERSION = YES;
				CLANG_WARN_NON_LITERAL_NULL_CONVERSION = YES;
				CLANG_WARN_OBJC_IMPLICIT_RETAIN_SELF = YES;
				CLANG_WARN_OBJC_LITERAL_CONVERSION = YES;
				CLANG_WARN_OBJC_ROOT_CLASS = YES_ERROR;
				CLANG_WARN_QUOTED_INCLUDE_IN_FRAMEWORK_HEADER = YES;
				CLANG_WARN_RANGE_LOOP_ANALYSIS = YES;
				CLANG_WARN_STRICT_PROTOTYPES = YES;
				CLANG_WARN_SUSPICIOUS_MOVE = YES;
				CLANG_WARN_UNGUARDED_AVAILABILITY = YES_AGGRESSIVE;
				CLANG_WARN_UNREACHABLE_CODE = YES;
				CLANG_WARN__DUPLICATE_METHOD_MATCH = YES;
				COPY_PHASE_STRIP = NO;
				DEBUG_INFORMATION_FORMAT = dwarf;
				ENABLE_STRICT_OBJC_MSGSEND = YES;
				ENABLE_TESTABILITY = YES;
				GCC_C_LANGUAGE_STANDARD = gnu11;
				GCC_DYNAMIC_NO_PIC = NO;
				GCC_NO_COMMON_BLOCKS = YES;
				GCC_OPTIMIZATION_LEVEL = 0;
				GCC_PREPROCESSOR_DEFINITIONS = (
					"DEBUG=1",
					"$(inherited)",
				);
				GCC_WARN_64_TO_32_BIT_CONVERSION = YES;
				GCC_WARN_ABOUT_RETURN_TYPE = YES_ERROR;
				GCC_WARN_UNDECLARED_SELECTOR = YES;
				GCC_WARN_UNINITIALIZED_AUTOS = YES_AGGRESSIVE;
				GCC_WARN_UNUSED_FUNCTION = YES;
				GCC_WARN_UNUSED_VARIABLE = YES;
				IPHONEOS_DEPLOYMENT_TARGET = 16.2;
				MTL_ENABLE_DEBUG_INFO = INCLUDE_SOURCE;
				MTL_FAST_MATH = YES;
				ONLY_ACTIVE_ARCH = YES;
				SDKROOT = iphoneos;
				SWIFT_ACTIVE_COMPILATION_CONDITIONS = DEBUG;
				SWIFT_OPTIMIZATION_LEVEL = "-Onone";
			};
			name = Debug;
		};
		43206C982A61A4AC003CBB34 /* Release */ = {
			isa = XCBuildConfiguration;
			buildSettings = {
				ALWAYS_SEARCH_USER_PATHS = NO;
				CLANG_ANALYZER_NONNULL = YES;
				CLANG_ANALYZER_NUMBER_OBJECT_CONVERSION = YES_AGGRESSIVE;
				CLANG_CXX_LANGUAGE_STANDARD = "gnu++20";
				CLANG_ENABLE_MODULES = YES;
				CLANG_ENABLE_OBJC_ARC = YES;
				CLANG_ENABLE_OBJC_WEAK = YES;
				CLANG_WARN_BLOCK_CAPTURE_AUTORELEASING = YES;
				CLANG_WARN_BOOL_CONVERSION = YES;
				CLANG_WARN_COMMA = YES;
				CLANG_WARN_CONSTANT_CONVERSION = YES;
				CLANG_WARN_DEPRECATED_OBJC_IMPLEMENTATIONS = YES;
				CLANG_WARN_DIRECT_OBJC_ISA_USAGE = YES_ERROR;
				CLANG_WARN_DOCUMENTATION_COMMENTS = YES;
				CLANG_WARN_EMPTY_BODY = YES;
				CLANG_WARN_ENUM_CONVERSION = YES;
				CLANG_WARN_INFINITE_RECURSION = YES;
				CLANG_WARN_INT_CONVERSION = YES;
				CLANG_WARN_NON_LITERAL_NULL_CONVERSION = YES;
				CLANG_WARN_OBJC_IMPLICIT_RETAIN_SELF = YES;
				CLANG_WARN_OBJC_LITERAL_CONVERSION = YES;
				CLANG_WARN_OBJC_ROOT_CLASS = YES_ERROR;
				CLANG_WARN_QUOTED_INCLUDE_IN_FRAMEWORK_HEADER = YES;
				CLANG_WARN_RANGE_LOOP_ANALYSIS = YES;
				CLANG_WARN_STRICT_PROTOTYPES = YES;
				CLANG_WARN_SUSPICIOUS_MOVE = YES;
				CLANG_WARN_UNGUARDED_AVAILABILITY = YES_AGGRESSIVE;
				CLANG_WARN_UNREACHABLE_CODE = YES;
				CLANG_WARN__DUPLICATE_METHOD_MATCH = YES;
				COPY_PHASE_STRIP = NO;
				DEBUG_INFORMATION_FORMAT = "dwarf-with-dsym";
				ENABLE_NS_ASSERTIONS = NO;
				ENABLE_STRICT_OBJC_MSGSEND = YES;
				GCC_C_LANGUAGE_STANDARD = gnu11;
				GCC_NO_COMMON_BLOCKS = YES;
				GCC_WARN_64_TO_32_BIT_CONVERSION = YES;
				GCC_WARN_ABOUT_RETURN_TYPE = YES_ERROR;
				GCC_WARN_UNDECLARED_SELECTOR = YES;
				GCC_WARN_UNINITIALIZED_AUTOS = YES_AGGRESSIVE;
				GCC_WARN_UNUSED_FUNCTION = YES;
				GCC_WARN_UNUSED_VARIABLE = YES;
				IPHONEOS_DEPLOYMENT_TARGET = 16.2;
				MTL_ENABLE_DEBUG_INFO = NO;
				MTL_FAST_MATH = YES;
				SDKROOT = iphoneos;
				SWIFT_COMPILATION_MODE = wholemodule;
				SWIFT_OPTIMIZATION_LEVEL = "-O";
				VALIDATE_PRODUCT = YES;
			};
			name = Release;
		};
		43206C9A2A61A4AC003CBB34 /* Debug */ = {
			isa = XCBuildConfiguration;
			buildSettings = {
				ASSETCATALOG_COMPILER_APPICON_NAME = AppIcon;
				ASSETCATALOG_COMPILER_GLOBAL_ACCENT_COLOR_NAME = AccentColor;
				CODE_SIGN_STYLE = Automatic;
				CURRENT_PROJECT_VERSION = 1;
				DEVELOPMENT_TEAM = C7T7MNSP5C;
				GENERATE_INFOPLIST_FILE = YES;
				INFOPLIST_FILE = CoreDataApp/Info.plist;
				INFOPLIST_KEY_UIApplicationSupportsIndirectInputEvents = YES;
				INFOPLIST_KEY_UILaunchStoryboardName = LaunchScreen;
				INFOPLIST_KEY_UIMainStoryboardFile = Main;
				INFOPLIST_KEY_UISupportedInterfaceOrientations_iPad = "UIInterfaceOrientationPortrait UIInterfaceOrientationPortraitUpsideDown UIInterfaceOrientationLandscapeLeft UIInterfaceOrientationLandscapeRight";
				INFOPLIST_KEY_UISupportedInterfaceOrientations_iPhone = "UIInterfaceOrientationPortrait UIInterfaceOrientationLandscapeLeft UIInterfaceOrientationLandscapeRight";
				LD_RUNPATH_SEARCH_PATHS = (
					"$(inherited)",
					"@executable_path/Frameworks",
				);
				MARKETING_VERSION = 1.0;
				PRODUCT_BUNDLE_IDENTIFIER = com.muratceyhun.CoreDataApp;
				PRODUCT_NAME = "$(TARGET_NAME)";
				SWIFT_EMIT_LOC_STRINGS = YES;
				SWIFT_VERSION = 5.0;
				TARGETED_DEVICE_FAMILY = "1,2";
			};
			name = Debug;
		};
		43206C9B2A61A4AC003CBB34 /* Release */ = {
			isa = XCBuildConfiguration;
			buildSettings = {
				ASSETCATALOG_COMPILER_APPICON_NAME = AppIcon;
				ASSETCATALOG_COMPILER_GLOBAL_ACCENT_COLOR_NAME = AccentColor;
				CODE_SIGN_STYLE = Automatic;
				CURRENT_PROJECT_VERSION = 1;
				DEVELOPMENT_TEAM = C7T7MNSP5C;
				GENERATE_INFOPLIST_FILE = YES;
				INFOPLIST_FILE = CoreDataApp/Info.plist;
				INFOPLIST_KEY_UIApplicationSupportsIndirectInputEvents = YES;
				INFOPLIST_KEY_UILaunchStoryboardName = LaunchScreen;
				INFOPLIST_KEY_UIMainStoryboardFile = Main;
				INFOPLIST_KEY_UISupportedInterfaceOrientations_iPad = "UIInterfaceOrientationPortrait UIInterfaceOrientationPortraitUpsideDown UIInterfaceOrientationLandscapeLeft UIInterfaceOrientationLandscapeRight";
				INFOPLIST_KEY_UISupportedInterfaceOrientations_iPhone = "UIInterfaceOrientationPortrait UIInterfaceOrientationLandscapeLeft UIInterfaceOrientationLandscapeRight";
				LD_RUNPATH_SEARCH_PATHS = (
					"$(inherited)",
					"@executable_path/Frameworks",
				);
				MARKETING_VERSION = 1.0;
				PRODUCT_BUNDLE_IDENTIFIER = com.muratceyhun.CoreDataApp;
				PRODUCT_NAME = "$(TARGET_NAME)";
				SWIFT_EMIT_LOC_STRINGS = YES;
				SWIFT_VERSION = 5.0;
				TARGETED_DEVICE_FAMILY = "1,2";
			};
			name = Release;
		};
/* End XCBuildConfiguration section */

/* Begin XCConfigurationList section */
		43206C7D2A61A4AC003CBB34 /* Build configuration list for PBXProject "CoreDataApp" */ = {
			isa = XCConfigurationList;
			buildConfigurations = (
				43206C972A61A4AC003CBB34 /* Debug */,
				43206C982A61A4AC003CBB34 /* Release */,
			);
			defaultConfigurationIsVisible = 0;
			defaultConfigurationName = Release;
		};
		43206C992A61A4AC003CBB34 /* Build configuration list for PBXNativeTarget "CoreDataApp" */ = {
			isa = XCConfigurationList;
			buildConfigurations = (
				43206C9A2A61A4AC003CBB34 /* Debug */,
				43206C9B2A61A4AC003CBB34 /* Release */,
			);
			defaultConfigurationIsVisible = 0;
			defaultConfigurationName = Release;
		};
/* End XCConfigurationList section */

/* Begin XCVersionGroup section */
		43206C8E2A61A4AC003CBB34 /* CoreDataApp.xcdatamodeld */ = {
			isa = XCVersionGroup;
			children = (
				43206C8F2A61A4AC003CBB34 /* CoreDataApp.xcdatamodel */,
			);
			currentVersion = 43206C8F2A61A4AC003CBB34 /* CoreDataApp.xcdatamodel */;
			path = CoreDataApp.xcdatamodeld;
			sourceTree = "<group>";
			versionGroupType = wrapper.xcdatamodel;
		};
/* End XCVersionGroup section */
	};
	rootObject = 43206C7A2A61A4AC003CBB34 /* Project object */;
}
